<?xml version="1.0" encoding="utf-8"?>
<Project ToolsVersion="4.0" xmlns="http://schemas.microsoft.com/developer/msbuild/2003">
  <ItemGroup>
    <Filter Include="Source Files">
      <UniqueIdentifier>{4FC737F1-C7A5-4376-A066-2A32D752A2FF}</UniqueIdentifier>
      <Extensions>cpp;c;cc;cxx;c++;cppm;ixx;def;odl;idl;hpj;bat;asm;asmx</Extensions>
    </Filter>
    <Filter Include="Header Files">
      <UniqueIdentifier>{93995380-89BD-4b04-88EB-625FBE52EBFB}</UniqueIdentifier>
      <Extensions>h;hh;hpp;hxx;h++;hm;inl;inc;ipp;xsd</Extensions>
    </Filter>
    <Filter Include="Resource Files">
      <UniqueIdentifier>{67DA6AB6-F800-4c08-8B7A-83BB121AAD01}</UniqueIdentifier>
      <Extensions>rc;ico;cur;bmp;dlg;rc2;rct;bin;rgs;gif;jpg;jpeg;jpe;resx;tiff;tif;png;wav;mfcribbon-ms</Extensions>
    </Filter>
  </ItemGroup>
  <ItemGroup>
    <ClCompile Include="main.cpp">
      <Filter>Source Files</Filter>
    </ClCompile>
    <ClCompile Include="Kronos Engine\Kronos.cpp">
      <Filter>Source Files</Filter>
    </ClCompile>
    <ClCompile Include="ImGui\imgui.cpp">
      <Filter>Source Files</Filter>
    </ClCompile>
    <ClCompile Include="ImGui\imgui_draw.cpp">
      <Filter>Source Files</Filter>
    </ClCompile>
    <ClCompile Include="ImGui\imgui_tables.cpp">
      <Filter>Source Files</Filter>
    </ClCompile>
    <ClCompile Include="ImGui\imgui_widgets.cpp">
      <Filter>Source Files</Filter>
    </ClCompile>
    <ClCompile Include="ImGui\imgui-SFML.cpp">
      <Filter>Source Files</Filter>
    </ClCompile>
    <ClCompile Include="Kronos_Application.cpp">
      <Filter>Source Files</Filter>
    </ClCompile>
    <ClCompile Include="Kronos Engine\Transposition_Table.cpp">
      <Filter>Source Files</Filter>
    </ClCompile>
    <ClCompile Include="Kronos Engine\Search.cpp">
      <Filter>Source Files</Filter>
    </ClCompile>
    <ClCompile Include="Kronos Engine\Zobrist_Hashing.cpp">
      <Filter>Source Files</Filter>
    </ClCompile>
    <ClCompile Include="Kronos Engine\Evaluation.cpp">
      <Filter>Source Files</Filter>
    </ClCompile>
    <ClCompile Include="Kronos Engine\Magic.cpp">
      <Filter>Source Files</Filter>
    </ClCompile>
    <ClCompile Include="Kronos Engine\Move_Generation.cpp">
      <Filter>Source Files</Filter>
    </ClCompile>
    <ClCompile Include="Kronos Engine\polyBook.cpp">
      <Filter>Source Files</Filter>
    </ClCompile>
    <ClCompile Include="Kronos Engine\polyBook.h">
      <Filter>Source Files</Filter>
    </ClCompile>
    <ClCompile Include="Kronos Engine\SyzygyTB.cpp">
      <Filter>Source Files</Filter>
    </ClCompile>
    <ClCompile Include="Kronos Engine\Move.cpp">
      <Filter>Source Files</Filter>
    </ClCompile>
    <ClCompile Include="Syzygy endgame tablebases\tbchess.cpp">
      <Filter>Source Files</Filter>
    </ClCompile>
    <ClCompile Include="Syzygy endgame tablebases\tbprobe.cpp">
      <Filter>Source Files</Filter>
    </ClCompile>
    <ClCompile Include="Kronos Engine\Move_Ordering.cpp">
      <Filter>Source Files</Filter>
    </ClCompile>
    <ClCompile Include="Kronos Engine\Game.cpp">
      <Filter>Source Files</Filter>
    </ClCompile>
    <ClCompile Include="Kronos Engine\Eval_Params.cpp">
      <Filter>Source Files</Filter>
    </ClCompile>
    <ClCompile Include="Kronos Engine\FEN.cpp">
      <Filter>Source Files</Filter>
    </ClCompile>
    <ClCompile Include="Kronos Engine\Threads.cpp">
      <Filter>Source Files</Filter>
    </ClCompile>
    <ClCompile Include="Kronos Engine\Tuner.cpp">
      <Filter>Source Files</Filter>
    </ClCompile>
  </ItemGroup>
  <ItemGroup>
    <ClInclude Include="Kronos Engine\Kronos.h">
      <Filter>Header Files</Filter>
    </ClInclude>
    <ClInclude Include="Kronos Engine\utility.h">
      <Filter>Header Files</Filter>
    </ClInclude>
    <ClInclude Include="Kronos Engine\BitBoard.h">
      <Filter>Header Files</Filter>
    </ClInclude>
    <ClInclude Include="Kronos Engine\Magic.h">
      <Filter>Header Files</Filter>
    </ClInclude>
    <ClInclude Include="Kronos Engine\Magic_Vars.h">
      <Filter>Header Files</Filter>
    </ClInclude>
    <ClInclude Include="Kronos Engine\Rays.h">
      <Filter>Header Files</Filter>
    </ClInclude>
    <ClInclude Include="Kronos Engine\Move_Generation.h">
      <Filter>Header Files</Filter>
    </ClInclude>
    <ClInclude Include="Kronos Engine\Board.h">
      <Filter>Header Files</Filter>
    </ClInclude>
    <ClInclude Include="ImGui\imconfig.h">
      <Filter>Header Files</Filter>
    </ClInclude>
    <ClInclude Include="ImGui\imconfig-SFML.h">
      <Filter>Header Files</Filter>
    </ClInclude>
    <ClInclude Include="ImGui\imgui.h">
      <Filter>Header Files</Filter>
    </ClInclude>
    <ClInclude Include="ImGui\imgui_internal.h">
      <Filter>Header Files</Filter>
    </ClInclude>
    <ClInclude Include="ImGui\imgui-SFML.h">
      <Filter>Header Files</Filter>
    </ClInclude>
    <ClInclude Include="ImGui\imgui-SFML_export.h">
      <Filter>Header Files</Filter>
    </ClInclude>
    <ClInclude Include="ImGui\imstb_rectpack.h">
      <Filter>Header Files</Filter>
    </ClInclude>
    <ClInclude Include="ImGui\imstb_textedit.h">
      <Filter>Header Files</Filter>
    </ClInclude>
    <ClInclude Include="ImGui\imstb_truetype.h">
      <Filter>Header Files</Filter>
    </ClInclude>
    <ClInclude Include="Kronos_Application.h">
      <Filter>Header Files</Filter>
    </ClInclude>
    <ClInclude Include="Kronos_UI.h">
      <Filter>Header Files</Filter>
    </ClInclude>
    <ClInclude Include="Kronos Engine\Zobrist_Hashing.h">
      <Filter>Header Files</Filter>
    </ClInclude>
    <ClInclude Include="Kronos Engine\Search.h">
      <Filter>Header Files</Filter>
    </ClInclude>
    <ClInclude Include="Kronos Engine\Evaluation.h">
      <Filter>Header Files</Filter>
    </ClInclude>
    <ClInclude Include="Kronos Engine\Eval_Params.h">
      <Filter>Header Files</Filter>
    </ClInclude>
    <ClInclude Include="Kronos Engine\Transposition_Table.h">
      <Filter>Header Files</Filter>
    </ClInclude>
    <ClInclude Include="Kronos Engine\polyKeys.h">
      <Filter>Header Files</Filter>
    </ClInclude>
    <ClInclude Include="Kronos Engine\SyzygyTB.h">
      <Filter>Header Files</Filter>
    </ClInclude>
    <ClInclude Include="Kronos Engine\Move.h">
      <Filter>Header Files</Filter>
    </ClInclude>
    <ClInclude Include="Kronos Engine\consts.h">
      <Filter>Header Files</Filter>
    </ClInclude>
    <ClInclude Include="Syzygy endgame tablebases\stdendian.h">
      <Filter>Header Files</Filter>
    </ClInclude>
    <ClInclude Include="Syzygy endgame tablebases\tbconfig.h">
      <Filter>Header Files</Filter>
    </ClInclude>
    <ClInclude Include="Syzygy endgame tablebases\tbprobe.h">
      <Filter>Header Files</Filter>
    </ClInclude>
    <ClInclude Include="Kronos Engine\Move_Ordering.h">
      <Filter>Header Files</Filter>
    </ClInclude>
    <ClInclude Include="Kronos Engine\Game.h">
      <Filter>Header Files</Filter>
    </ClInclude>
    <ClInclude Include="Kronos Engine\FEN.h">
      <Filter>Header Files</Filter>
    </ClInclude>
    <ClInclude Include="Kronos Engine\Threads.h">
      <Filter>Header Files</Filter>
    </ClInclude>
    <ClInclude Include="Kronos Engine\Tuner.h">
      <Filter>Header Files</Filter>
    </ClInclude>
  </ItemGroup>
  <ItemGroup>
    <Image Include="Images\chess_sprite_sheet.png">
      <Filter>Resource Files</Filter>
    </Image>
    <Image Include="Images\ChessPiecesArray.png">
      <Filter>Resource Files</Filter>
    </Image>
    <Image Include="Images\download_120262.png">
      <Filter>Resource Files</Filter>
    </Image>
    <Image Include="Images\window_icon.jpg">
      <Filter>Resource Files</Filter>
    </Image>
    <Image Include="Images\window_icon.png">
      <Filter>Resource Files</Filter>
    </Image>
  </ItemGroup>
  <ItemGroup>
    <None Include="openal32.dll" />
    <None Include="sfml-audio-2.dll" />
    <None Include="sfml-audio-d-2.dll" />
    <None Include="sfml-graphics-2.dll" />
    <None Include="sfml-graphics-d-2.dll" />
    <None Include="sfml-network-2.dll" />
    <None Include="sfml-network-d-2.dll" />
    <None Include="sfml-system-2.dll" />
    <None Include="sfml-system-d-2.dll" />
    <None Include="sfml-window-2.dll" />
    <None Include="sfml-window-d-2.dll" />
    <None Include="imgui.ini" />
    <None Include="Opening Books\baron30.bin">
      <Filter>Resource Files</Filter>
    </None>
    <None Include="Opening Books\Titans.bin">
      <Filter>Resource Files</Filter>
    </None>
    <None Include="Simplified_Overview.cd" />
  </ItemGroup>
</Project>